
Microsoft Visual Studio Solution File, Format Version 12.00
# Visual Studio 14
VisualStudioVersion = 14.0.25123.0
MinimumVisualStudioVersion = 10.0.40219.1
Project("{FAE04EC0-301F-11D3-BF4B-00C04F79EFBC}") = "Shopify", "Shopify\Shopify.csproj", "{29CFB8AE-E286-4155-96B0-DBC33EEDA0A1}"
EndProject
Project("{FAE04EC0-301F-11D3-BF4B-00C04F79EFBC}") = "ShopifyAPIAdapterLibrary", "shopify.net-master\Source\DotNet4.5\ShopifyAPIAdapterLibrary\ShopifyAPIAdapterLibrary.csproj", "{6FF5A961-591A-47FC-BA85-00B8F44750D0}"
EndProject
Global
	GlobalSection(SolutionConfigurationPlatforms) = preSolution
		Debug|Any CPU = Debug|Any CPU
		Release|Any CPU = Release|Any CPU
	EndGlobalSection
	GlobalSection(ProjectConfigurationPlatforms) = postSolution
		{29CFB8AE-E286-4155-96B0-DBC33EEDA0A1}.Debug|Any CPU.ActiveCfg = Debug|Any CPU
		{29CFB8AE-E286-4155-96B0-DBC33EEDA0A1}.Debug|Any CPU.Build.0 = Debug|Any CPU
		{29CFB8AE-E286-4155-96B0-DBC33EEDA0A1}.Release|Any CPU.ActiveCfg = Release|Any CPU
		{29CFB8AE-E286-4155-96B0-DBC33EEDA0A1}.Release|Any CPU.Build.0 = Release|Any CPU
		{6FF5A961-591A-47FC-BA85-00B8F44750D0}.Debug|Any CPU.ActiveCfg = Debug|Any CPU
		{6FF5A961-591A-47FC-BA85-00B8F44750D0}.Debug|Any CPU.Build.0 = Debug|Any CPU
		{6FF5A961-591A-47FC-BA85-00B8F44750D0}.Release|Any CPU.ActiveCfg = Release|Any CPU
		{6FF5A961-591A-47FC-BA85-00B8F44750D0}.Release|Any CPU.Build.0 = Release|Any CPU
	EndGlobalSection
	GlobalSection(SolutionProperties) = preSolution
		HideSolutionNode = FALSE
	EndGlobalSection
EndGlobal
